# THIS IS AN AUTOGENERATED FILE. DO NOT EDIT THIS FILE DIRECTLY.
# yarn lockfile v1


"@bufbuild/buf-darwin-arm64@1.28.1":
  version "1.28.1"
  resolved "https://registry.yarnpkg.com/@bufbuild/buf-darwin-arm64/-/buf-darwin-arm64-1.28.1.tgz#ffe09c8b998d6cc714ab525999fe026b25c952e9"
  integrity sha512-nAyvwKkcd8qQTExCZo5MtSRhXLK7e3vzKFKHjXfkveRakSUST2HFlFZAHfErZimN4wBrPTN0V0hNRU8PPjkMpQ==

"@bufbuild/buf-darwin-x64@1.28.1":
  version "1.28.1"
  resolved "https://registry.yarnpkg.com/@bufbuild/buf-darwin-x64/-/buf-darwin-x64-1.28.1.tgz#03aa18f7961b651679e349a382f71f1bad3dadec"
  integrity sha512-b0eT3xd3vX5a5lWAbo5h7FPuf9MsOJI4I39qs4TZnrlZ8BOuPfqzwzijiFf9UCwaX2vR1NQXexIoQ80Ci+fCHw==

"@bufbuild/buf-linux-aarch64@1.28.1":
  version "1.28.1"
  resolved "https://registry.yarnpkg.com/@bufbuild/buf-linux-aarch64/-/buf-linux-aarch64-1.28.1.tgz#2af0683dd6a803bdaba7ea92148007393a058705"
  integrity sha512-p5h9bZCVLMh8No9/7k7ulXzsFx5P7Lu6DiUMjSJ6aBXPMYo6Xl7r/6L2cQkpsZ53HMtIxCgMYS9a7zoS4K8wIw==

"@bufbuild/buf-linux-x64@1.28.1":
  version "1.28.1"
  resolved "https://registry.yarnpkg.com/@bufbuild/buf-linux-x64/-/buf-linux-x64-1.28.1.tgz#dbac29d39fb4c0a509ebf49fb3a76d481aebe1e0"
  integrity sha512-fVJ3DiRigIso06jgEl+JNp59Y5t2pxDHd10d3SA4r+14sXbZ2J7Gy/wBqVXPry4x/jW567KKlvmhg7M5ZBgCQQ==

"@bufbuild/buf-win32-arm64@1.28.1":
  version "1.28.1"
  resolved "https://registry.yarnpkg.com/@bufbuild/buf-win32-arm64/-/buf-win32-arm64-1.28.1.tgz#69242d904c73368c2735aa9efc338dd1f5864bfa"
  integrity sha512-KJiRJpugQRK/jXC46Xjlb68UydWhCZj2jHdWLIwNtgXd1WTJ3LngChZV7Y6pPK08pwBAVz0JYeVbD5IlTCD4TQ==

"@bufbuild/buf-win32-x64@1.28.1":
  version "1.28.1"
  resolved "https://registry.yarnpkg.com/@bufbuild/buf-win32-x64/-/buf-win32-x64-1.28.1.tgz#5014fd87ed29fd26c1c6d2e97eba9ac7b8a14e51"
  integrity sha512-vMnc+7OVCkmlRWQsgYHgUqiBPRIjD8XeoRyApJ07YZzGs7DkRH4LhvmacJbLd3wORylbn6gLz3pQa8J/M61mzg==

"@bufbuild/buf@^1.28.1":
  version "1.28.1"
  resolved "https://registry.yarnpkg.com/@bufbuild/buf/-/buf-1.28.1.tgz#b107bd1b01a676040b1112de9eb94642bea48a08"
  integrity sha512-WRDagrf0uBjfV9s5eyrSPJDcdI4A5Q7JMCA4aMrHRR8fo/TTjniDBjJprszhaguqsDkn/LS4QIu92HVFZCrl9A==
  optionalDependencies:
    "@bufbuild/buf-darwin-arm64" "1.28.1"
    "@bufbuild/buf-darwin-x64" "1.28.1"
    "@bufbuild/buf-linux-aarch64" "1.28.1"
    "@bufbuild/buf-linux-x64" "1.28.1"
    "@bufbuild/buf-win32-arm64" "1.28.1"
    "@bufbuild/buf-win32-x64" "1.28.1"

"@bufbuild/protobuf@1.5.0", "@bufbuild/protobuf@^1.5.0":
  version "1.5.0"
  resolved "https://registry.yarnpkg.com/@bufbuild/protobuf/-/protobuf-1.5.0.tgz#6d119e2a562da48aa8cd93f1c0297b9bb32a9c93"
  integrity sha512-0Jg+B7Vl8YGCi7c3iZ8/38iTbZrwdU7or6QZlsA9lhSrhumaXOTMsGO8gqwDuus/THEkTiY3Uxn+PEJwgsLt0w==

"@bufbuild/protoc-gen-es@^1.5.0":
  version "1.5.0"
  resolved "https://registry.yarnpkg.com/@bufbuild/protoc-gen-es/-/protoc-gen-es-1.5.0.tgz#cadf0ea2a43b356533c359d2571c147e6ff5e736"
  integrity sha512-6dPFlw7jhKPNoJUb5+0MPDTMEEbym4AAQZP2sCo4/0J+T2SlAzq5kbuNx92x+SFkOI5V7/iNoPHrxr0TZZ9b2g==
  dependencies:
    "@bufbuild/protobuf" "^1.5.0"
    "@bufbuild/protoplugin" "1.5.0"

"@bufbuild/protoplugin@1.5.0":
  version "1.5.0"
  resolved "https://registry.yarnpkg.com/@bufbuild/protoplugin/-/protoplugin-1.5.0.tgz#5cee6c3071519a239f2f049ae4d8b99d73d0a426"
  integrity sha512-b07uxUfWUHm91PrN7dMMSmO+2RH21kPo+EhczGDR3PDh2t80e4XCZhf3Z/6SM/+ajhVpbl/WNK+z645jsSnGPg==
  dependencies:
    "@bufbuild/protobuf" "1.5.0"
    "@typescript/vfs" "^1.4.0"
    typescript "4.5.2"

"@typescript/vfs@^1.4.0":
  version "1.5.0"
  resolved "https://registry.yarnpkg.com/@typescript/vfs/-/vfs-1.5.0.tgz#ed942922724f9ace8c07c80b006c47e5e3833218"
  integrity sha512-AJS307bPgbsZZ9ggCT3wwpg3VbTKMFNHfaY/uF0ahSkYYrPF2dSSKDNIDIQAHm9qJqbLvCsSJH7yN4Vs/CsMMg==
  dependencies:
    debug "^4.1.1"

debug@^4.1.1:
  version "4.3.4"
  resolved "https://registry.yarnpkg.com/debug/-/debug-4.3.4.tgz#1319f6579357f2338d3337d2cdd4914bb5dcc865"
  integrity sha512-PRWFHuSU3eDtQJPvnNY7Jcket1j0t5OuOsFzPPzsekD52Zl8qUfFIPEiswXqIvHWGVHOgX+7G/vCNNhehwxfkQ==
  dependencies:
    ms "2.1.2"

ms@2.1.2:
  version "2.1.2"
  resolved "https://registry.yarnpkg.com/ms/-/ms-2.1.2.tgz#d09d1f357b443f493382a8eb3ccd183872ae6009"
  integrity sha512-sGkPx+VjMtmA6MX27oA4FBFELFCZZ4S4XqeGOXCv68tT+jb3vk/RyaKWP0PTKyWtmLSM0b+adUTEvbs1PEaH2w==

typescript@4.5.2:
  version "4.5.2"
  resolved "https://registry.yarnpkg.com/typescript/-/typescript-4.5.2.tgz#8ac1fba9f52256fdb06fb89e4122fa6a346c2998"
  integrity sha512-5BlMof9H1yGt0P8/WF+wPNw6GfctgGjXp5hkblpyT+8rkASSmkUKMXrxR0Xg8ThVCi/JnHQiKXeBaEwCeQwMFw==
